// !$*UTF8*$!
{
	archiveVersion = 1;
	classes = {
	};
	objectVersion = 77;
	objects = {

/* Begin PBXBuildFile section */
		213EB3652F0F5C0B00721D70 /* FeatureOnboarding in Frameworks */ = {isa = PBXBuildFile; productRef = 213EB3642F0F5C0B00721D70 /* FeatureOnboarding */; };
		2187FBA62F0A1E5400C028A9 /* Domain in Frameworks */ = {isa = PBXBuildFile; productRef = 2187FBA52F0A1E5400C028A9 /* Domain */; };
		2187FBA92F0A1E6D00C028A9 /* Data in Frameworks */ = {isa = PBXBuildFile; productRef = 2187FBA82F0A1E6D00C028A9 /* Data */; };
		21996CD02F0F612F00438DBD /* FeatureNavigation in Frameworks */ = {isa = PBXBuildFile; productRef = 21996CCF2F0F612F00438DBD /* FeatureNavigation */; };
		21AAACCD2F1DEF3600BFF7D4 /* FeatureHistory in Frameworks */ = {isa = PBXBuildFile; productRef = 21AAACCC2F1DEF3600BFF7D4 /* FeatureHistory */; };
		21B9DED32F0F5BE6000FA365 /* FeatureSubscription in Frameworks */ = {isa = PBXBuildFile; productRef = 21B9DED22F0F5BE6000FA365 /* FeatureSubscription */; };
		21BA432D2F0DEDEF0013B0C9 /* FeatureMindset in Frameworks */ = {isa = PBXBuildFile; productRef = 21BA432C2F0DEDEF0013B0C9 /* FeatureMindset */; };
		21CE7A062F18866F00178A6F /* Core in Frameworks */ = {isa = PBXBuildFile; productRef = 21CE7A052F18866F00178A6F /* Core */; };
		21CE7A0B2F1DE4E300178A6F /* Config.xcconfig in Resources */ = {isa = PBXBuildFile; fileRef = 21CE7A0A2F1DE4E300178A6F /* Config.xcconfig */; };
		21F0B9E02F0F67B1008710CE /* FeatureDashboard in Frameworks */ = {isa = PBXBuildFile; productRef = 21F0B9DF2F0F67B1008710CE /* FeatureDashboard */; };
/* End PBXBuildFile section */

/* Begin PBXContainerItemProxy section */
		21DE281D2F08CCBA00266CF8 /* PBXContainerItemProxy */ = {
			isa = PBXContainerItemProxy;
			containerPortal = 21DE28052F08CCB900266CF8 /* Project object */;
			proxyType = 1;
			remoteGlobalIDString = 21DE280C2F08CCB900266CF8;
			remoteInfo = "mindset-ios";
		};
		21DE28272F08CCBA00266CF8 /* PBXContainerItemProxy */ = {
			isa = PBXContainerItemProxy;
			containerPortal = 21DE28052F08CCB900266CF8 /* Project object */;
			proxyType = 1;
			remoteGlobalIDString = 21DE280C2F08CCB900266CF8;
			remoteInfo = "mindset-ios";
		};
/* End PBXContainerItemProxy section */

/* Begin PBXFileReference section */
		21CE7A0A2F1DE4E300178A6F /* Config.xcconfig */ = {isa = PBXFileReference; lastKnownFileType = text.xcconfig; path = Config.xcconfig; sourceTree = "<group>"; };
		21DE280D2F08CCB900266CF8 /* mindset-ios.app */ = {isa = PBXFileReference; explicitFileType = wrapper.application; includeInIndex = 0; path = "mindset-ios.app"; sourceTree = BUILT_PRODUCTS_DIR; };
		21DE281C2F08CCBA00266CF8 /* mindset-iosTests.xctest */ = {isa = PBXFileReference; explicitFileType = wrapper.cfbundle; includeInIndex = 0; path = "mindset-iosTests.xctest"; sourceTree = BUILT_PRODUCTS_DIR; };
		21DE28262F08CCBA00266CF8 /* mindset-iosUITests.xctest */ = {isa = PBXFileReference; explicitFileType = wrapper.cfbundle; includeInIndex = 0; path = "mindset-iosUITests.xctest"; sourceTree = BUILT_PRODUCTS_DIR; };
/* End PBXFileReference section */

/* Begin PBXFileSystemSynchronizedBuildFileExceptionSet section */
		21CE7A092F1DE23F00178A6F /* Exceptions for "mindset-ios" folder in "mindset-ios" target */ = {
			isa = PBXFileSystemSynchronizedBuildFileExceptionSet;
			membershipExceptions = (
				Info.plist,
			);
			target = 21DE280C2F08CCB900266CF8 /* mindset-ios */;
		};
/* End PBXFileSystemSynchronizedBuildFileExceptionSet section */

/* Begin PBXFileSystemSynchronizedRootGroup section */
		215073D72F08DA74003D1225 /* mindset-iosUITests */ = {
			isa = PBXFileSystemSynchronizedRootGroup;
			path = "mindset-iosUITests";
			sourceTree = "<group>";
		};
		21DE280F2F08CCB900266CF8 /* mindset-ios */ = {
			isa = PBXFileSystemSynchronizedRootGroup;
			exceptions = (
				21CE7A092F1DE23F00178A6F /* Exceptions for "mindset-ios" folder in "mindset-ios" target */,
			);
			path = "mindset-ios";
			sourceTree = "<group>";
		};
		21DE281F2F08CCBA00266CF8 /* mindset-iosTests */ = {
			isa = PBXFileSystemSynchronizedRootGroup;
			path = "mindset-iosTests";
			sourceTree = "<group>";
		};
/* End PBXFileSystemSynchronizedRootGroup section */

/* Begin PBXFrameworksBuildPhase section */
		21DE280A2F08CCB900266CF8 /* Frameworks */ = {
			isa = PBXFrameworksBuildPhase;
			buildActionMask = 2147483647;
			files = (
				21B9DED32F0F5BE6000FA365 /* FeatureSubscription in Frameworks */,
				21996CD02F0F612F00438DBD /* FeatureNavigation in Frameworks */,
				213EB3652F0F5C0B00721D70 /* FeatureOnboarding in Frameworks */,
				2187FBA92F0A1E6D00C028A9 /* Data in Frameworks */,
				21BA432D2F0DEDEF0013B0C9 /* FeatureMindset in Frameworks */,
				21CE7A062F18866F00178A6F /* Core in Frameworks */,
				21AAACCD2F1DEF3600BFF7D4 /* FeatureHistory in Frameworks */,
				21F0B9E02F0F67B1008710CE /* FeatureDashboard in Frameworks */,
				2187FBA62F0A1E5400C028A9 /* Domain in Frameworks */,
			);
			runOnlyForDeploymentPostprocessing = 0;
		};
		21DE28192F08CCBA00266CF8 /* Frameworks */ = {
			isa = PBXFrameworksBuildPhase;
			buildActionMask = 2147483647;
			files = (
			);
			runOnlyForDeploymentPostprocessing = 0;
		};
		21DE28232F08CCBA00266CF8 /* Frameworks */ = {
			isa = PBXFrameworksBuildPhase;
			buildActionMask = 2147483647;
			files = (
			);
			runOnlyForDeploymentPostprocessing = 0;
		};
/* End PBXFrameworksBuildPhase section */

/* Begin PBXGroup section */
		21DE28042F08CCB900266CF8 = {
			isa = PBXGroup;
			children = (
				21DE280F2F08CCB900266CF8 /* mindset-ios */,
				21DE281F2F08CCBA00266CF8 /* mindset-iosTests */,
				215073D72F08DA74003D1225 /* mindset-iosUITests */,
				21DE28392F08CD8200266CF8 /* Frameworks */,
				21DE280E2F08CCB900266CF8 /* Products */,
				21CE7A0A2F1DE4E300178A6F /* Config.xcconfig */,
			);
			sourceTree = "<group>";
		};
		21DE280E2F08CCB900266CF8 /* Products */ = {
			isa = PBXGroup;
			children = (
				21DE280D2F08CCB900266CF8 /* mindset-ios.app */,
				21DE281C2F08CCBA00266CF8 /* mindset-iosTests.xctest */,
				21DE28262F08CCBA00266CF8 /* mindset-iosUITests.xctest */,
			);
			name = Products;
			sourceTree = "<group>";
		};
		21DE28392F08CD8200266CF8 /* Frameworks */ = {
			isa = PBXGroup;
			children = (
			);
			name = Frameworks;
			sourceTree = "<group>";
		};
/* End PBXGroup section */

/* Begin PBXNativeTarget section */
		21DE280C2F08CCB900266CF8 /* mindset-ios */ = {
			isa = PBXNativeTarget;
			buildConfigurationList = 21DE28302F08CCBA00266CF8 /* Build configuration list for PBXNativeTarget "mindset-ios" */;
			buildPhases = (
				21DE28092F08CCB900266CF8 /* Sources */,
				21DE280A2F08CCB900266CF8 /* Frameworks */,
				21DE280B2F08CCB900266CF8 /* Resources */,
			);
			buildRules = (
			);
			dependencies = (
			);
			fileSystemSynchronizedGroups = (
				21DE280F2F08CCB900266CF8 /* mindset-ios */,
			);
			name = "mindset-ios";
			packageProductDependencies = (
				2187FBA52F0A1E5400C028A9 /* Domain */,
				2187FBA82F0A1E6D00C028A9 /* Data */,
				21BA432C2F0DEDEF0013B0C9 /* FeatureMindset */,
				21B9DED22F0F5BE6000FA365 /* FeatureSubscription */,
				213EB3642F0F5C0B00721D70 /* FeatureOnboarding */,
				21996CCF2F0F612F00438DBD /* FeatureNavigation */,
				21F0B9DF2F0F67B1008710CE /* FeatureDashboard */,
				21CE7A052F18866F00178A6F /* Core */,
				21AAACCC2F1DEF3600BFF7D4 /* FeatureHistory */,
			);
			productName = "mindset-ios";
			productReference = 21DE280D2F08CCB900266CF8 /* mindset-ios.app */;
			productType = "com.apple.product-type.application";
		};
		21DE281B2F08CCBA00266CF8 /* mindset-iosTests */ = {
			isa = PBXNativeTarget;
			buildConfigurationList = 21DE28332F08CCBA00266CF8 /* Build configuration list for PBXNativeTarget "mindset-iosTests" */;
			buildPhases = (
				21DE28182F08CCBA00266CF8 /* Sources */,
				21DE28192F08CCBA00266CF8 /* Frameworks */,
				21DE281A2F08CCBA00266CF8 /* Resources */,
			);
			buildRules = (
			);
			dependencies = (
				21DE281E2F08CCBA00266CF8 /* PBXTargetDependency */,
			);
			fileSystemSynchronizedGroups = (
				21DE281F2F08CCBA00266CF8 /* mindset-iosTests */,
			);
			name = "mindset-iosTests";
			packageProductDependencies = (
			);
			productName = "mindset-iosTests";
			productReference = 21DE281C2F08CCBA00266CF8 /* mindset-iosTests.xctest */;
			productType = "com.apple.product-type.bundle.unit-test";
		};
		21DE28252F08CCBA00266CF8 /* mindset-iosUITests */ = {
			isa = PBXNativeTarget;
			buildConfigurationList = 21DE28362F08CCBA00266CF8 /* Build configuration list for PBXNativeTarget "mindset-iosUITests" */;
			buildPhases = (
				21DE28222F08CCBA00266CF8 /* Sources */,
				21DE28232F08CCBA00266CF8 /* Frameworks */,
				21DE28242F08CCBA00266CF8 /* Resources */,
			);
			buildRules = (
			);
			dependencies = (
				21DE28282F08CCBA00266CF8 /* PBXTargetDependency */,
			);
			fileSystemSynchronizedGroups = (
				215073D72F08DA74003D1225 /* mindset-iosUITests */,
			);
			name = "mindset-iosUITests";
			packageProductDependencies = (
			);
			productName = "mindset-iosUITests";
			productReference = 21DE28262F08CCBA00266CF8 /* mindset-iosUITests.xctest */;
			productType = "com.apple.product-type.bundle.ui-testing";
		};
/* End PBXNativeTarget section */

/* Begin PBXProject section */
		21DE28052F08CCB900266CF8 /* Project object */ = {
			isa = PBXProject;
			attributes = {
				BuildIndependentTargetsInParallel = 1;
				LastSwiftUpdateCheck = 2620;
				LastUpgradeCheck = 2620;
				TargetAttributes = {
					21DE280C2F08CCB900266CF8 = {
						CreatedOnToolsVersion = 26.2;
					};
					21DE281B2F08CCBA00266CF8 = {
						CreatedOnToolsVersion = 26.2;
						TestTargetID = 21DE280C2F08CCB900266CF8;
					};
					21DE28252F08CCBA00266CF8 = {
						CreatedOnToolsVersion = 26.2;
						TestTargetID = 21DE280C2F08CCB900266CF8;
					};
				};
			};
			buildConfigurationList = 21DE28082F08CCB900266CF8 /* Build configuration list for PBXProject "mindset-ios" */;
			developmentRegion = en;
			hasScannedForEncodings = 0;
			knownRegions = (
				en,
				Base,
			);
			mainGroup = 21DE28042F08CCB900266CF8;
			minimizedProjectReferenceProxies = 1;
			packageReferences = (
				2187FBA42F0A1E4C00C028A9 /* XCLocalSwiftPackageReference "Packages/Domain" */,
				2187FBA72F0A1E6500C028A9 /* XCLocalSwiftPackageReference "Packages/Data" */,
				21BA432B2F0DEDD70013B0C9 /* XCLocalSwiftPackageReference "Packages/FeatureMindset" */,
				21A0941C2F0F436F0049D9F4 /* XCLocalSwiftPackageReference "Packages/FeatureSubscription" */,
				21B9DED12F0F5BDF000FA365 /* XCLocalSwiftPackageReference "Packages/FeatureOnboarding" */,
				213EB3662F0F611700721D70 /* XCLocalSwiftPackageReference "Packages/FeatureNavigation" */,
				21996CD12F0F678700438DBD /* XCLocalSwiftPackageReference "Packages/FeatureDashboard" */,
				21F0B9E42F188648008710CE /* XCLocalSwiftPackageReference "Packages/Core" */,
				21CE7A072F1DDE8500178A6F /* XCRemoteSwiftPackageReference "generative-ai-swift" */,
				21CE7A0C2F1DEEFF00178A6F /* XCLocalSwiftPackageReference "Packages/FeatureHistory" */,
			);
			preferredProjectObjectVersion = 77;
			productRefGroup = 21DE280E2F08CCB900266CF8 /* Products */;
			projectDirPath = "";
			projectRoot = "";
			targets = (
				21DE280C2F08CCB900266CF8 /* mindset-ios */,
				21DE281B2F08CCBA00266CF8 /* mindset-iosTests */,
				21DE28252F08CCBA00266CF8 /* mindset-iosUITests */,
			);
		};
/* End PBXProject section */

/* Begin PBXResourcesBuildPhase section */
		21DE280B2F08CCB900266CF8 /* Resources */ = {
			isa = PBXResourcesBuildPhase;
			buildActionMask = 2147483647;
			files = (
				21CE7A0B2F1DE4E300178A6F /* Config.xcconfig in Resources */,
			);
			runOnlyForDeploymentPostprocessing = 0;
		};
		21DE281A2F08CCBA00266CF8 /* Resources */ = {
			isa = PBXResourcesBuildPhase;
			buildActionMask = 2147483647;
			files = (
			);
			runOnlyForDeploymentPostprocessing = 0;
		};
		21DE28242F08CCBA00266CF8 /* Resources */ = {
			isa = PBXResourcesBuildPhase;
			buildActionMask = 2147483647;
			files = (
			);
			runOnlyForDeploymentPostprocessing = 0;
		};
/* End PBXResourcesBuildPhase section */

/* Begin PBXSourcesBuildPhase section */
		21DE28092F08CCB900266CF8 /* Sources */ = {
			isa = PBXSourcesBuildPhase;
			buildActionMask = 2147483647;
			files = (
			);
			runOnlyForDeploymentPostprocessing = 0;
		};
		21DE28182F08CCBA00266CF8 /* Sources */ = {
			isa = PBXSourcesBuildPhase;
			buildActionMask = 2147483647;
			files = (
			);
			runOnlyForDeploymentPostprocessing = 0;
		};
		21DE28222F08CCBA00266CF8 /* Sources */ = {
			isa = PBXSourcesBuildPhase;
			buildActionMask = 2147483647;
			files = (
			);
			runOnlyForDeploymentPostprocessing = 0;
		};
/* End PBXSourcesBuildPhase section */

/* Begin PBXTargetDependency section */
		21DE281E2F08CCBA00266CF8 /* PBXTargetDependency */ = {
			isa = PBXTargetDependency;
			target = 21DE280C2F08CCB900266CF8 /* mindset-ios */;
			targetProxy = 21DE281D2F08CCBA00266CF8 /* PBXContainerItemProxy */;
		};
		21DE28282F08CCBA00266CF8 /* PBXTargetDependency */ = {
			isa = PBXTargetDependency;
			target = 21DE280C2F08CCB900266CF8 /* mindset-ios */;
			targetProxy = 21DE28272F08CCBA00266CF8 /* PBXContainerItemProxy */;
		};
/* End PBXTargetDependency section */

/* Begin XCBuildConfiguration section */
		21DE282E2F08CCBA00266CF8 /* Debug */ = {
			isa = XCBuildConfiguration;
			baseConfigurationReference = 21CE7A0A2F1DE4E300178A6F /* Config.xcconfig */;
			buildSettings = {
				ALWAYS_SEARCH_USER_PATHS = NO;
				ASSETCATALOG_COMPILER_GENERATE_SWIFT_ASSET_SYMBOL_EXTENSIONS = YES;
				CLANG_ANALYZER_NONNULL = YES;
				CLANG_ANALYZER_NUMBER_OBJECT_CONVERSION = YES_AGGRESSIVE;
				CLANG_CXX_LANGUAGE_STANDARD = "gnu++20";
				CLANG_ENABLE_MODULES = YES;
				CLANG_ENABLE_OBJC_ARC = YES;
				CLANG_ENABLE_OBJC_WEAK = YES;
				CLANG_WARN_BLOCK_CAPTURE_AUTORELEASING = YES;
				CLANG_WARN_BOOL_CONVERSION = YES;
				CLANG_WARN_COMMA = YES;
				CLANG_WARN_CONSTANT_CONVERSION = YES;
				CLANG_WARN_DEPRECATED_OBJC_IMPLEMENTATIONS = YES;
				CLANG_WARN_DIRECT_OBJC_ISA_USAGE = YES_ERROR;
				CLANG_WARN_DOCUMENTATION_COMMENTS = YES;
				CLANG_WARN_EMPTY_BODY = YES;
				CLANG_WARN_ENUM_CONVERSION = YES;
				CLANG_WARN_INFINITE_RECURSION = YES;
				CLANG_WARN_INT_CONVERSION = YES;
				CLANG_WARN_NON_LITERAL_NULL_CONVERSION = YES;
				CLANG_WARN_OBJC_IMPLICIT_RETAIN_SELF = YES;
				CLANG_WARN_OBJC_LITERAL_CONVERSION = YES;
				CLANG_WARN_OBJC_ROOT_CLASS = YES_ERROR;
				CLANG_WARN_QUOTED_INCLUDE_IN_FRAMEWORK_HEADER = YES;
				CLANG_WARN_RANGE_LOOP_ANALYSIS = YES;
				CLANG_WARN_STRICT_PROTOTYPES = YES;
				CLANG_WARN_SUSPICIOUS_MOVE = YES;
				CLANG_WARN_UNGUARDED_AVAILABILITY = YES_AGGRESSIVE;
				CLANG_WARN_UNREACHABLE_CODE = YES;
				CLANG_WARN__DUPLICATE_METHOD_MATCH = YES;
				COPY_PHASE_STRIP = NO;
				DEBUG_INFORMATION_FORMAT = dwarf;
				DEVELOPMENT_TEAM = CVQEUYD92N;
				ENABLE_STRICT_OBJC_MSGSEND = YES;
				ENABLE_TESTABILITY = YES;
				ENABLE_USER_SCRIPT_SANDBOXING = YES;
				GCC_C_LANGUAGE_STANDARD = gnu17;
				GCC_DYNAMIC_NO_PIC = NO;
				GCC_NO_COMMON_BLOCKS = YES;
				GCC_OPTIMIZATION_LEVEL = 0;
				GCC_PREPROCESSOR_DEFINITIONS = (
					"DEBUG=1",
					"$(inherited)",
				);
				GCC_WARN_64_TO_32_BIT_CONVERSION = YES;
				GCC_WARN_ABOUT_RETURN_TYPE = YES_ERROR;
				GCC_WARN_UNDECLARED_SELECTOR = YES;
				GCC_WARN_UNINITIALIZED_AUTOS = YES_AGGRESSIVE;
				GCC_WARN_UNUSED_FUNCTION = YES;
				GCC_WARN_UNUSED_VARIABLE = YES;
				IPHONEOS_DEPLOYMENT_TARGET = 26.2;
				LOCALIZATION_PREFERS_STRING_CATALOGS = YES;
				MTL_ENABLE_DEBUG_INFO = INCLUDE_SOURCE;
				MTL_FAST_MATH = YES;
				ONLY_ACTIVE_ARCH = YES;
				SDKROOT = iphoneos;
				SWIFT_ACTIVE_COMPILATION_CONDITIONS = "DEBUG $(inherited)";
				SWIFT_OPTIMIZATION_LEVEL = "-Onone";
			};
			name = Debug;
		};
		21DE282F2F08CCBA00266CF8 /* Release */ = {
			isa = XCBuildConfiguration;
			baseConfigurationReference = 21CE7A0A2F1DE4E300178A6F /* Config.xcconfig */;
			buildSettings = {
				ALWAYS_SEARCH_USER_PATHS = NO;
				ASSETCATALOG_COMPILER_GENERATE_SWIFT_ASSET_SYMBOL_EXTENSIONS = YES;
				CLANG_ANALYZER_NONNULL = YES;
				CLANG_ANALYZER_NUMBER_OBJECT_CONVERSION = YES_AGGRESSIVE;
				CLANG_CXX_LANGUAGE_STANDARD = "gnu++20";
				CLANG_ENABLE_MODULES = YES;
				CLANG_ENABLE_OBJC_ARC = YES;
				CLANG_ENABLE_OBJC_WEAK = YES;
				CLANG_WARN_BLOCK_CAPTURE_AUTORELEASING = YES;
				CLANG_WARN_BOOL_CONVERSION = YES;
				CLANG_WARN_COMMA = YES;
				CLANG_WARN_CONSTANT_CONVERSION = YES;
				CLANG_WARN_DEPRECATED_OBJC_IMPLEMENTATIONS = YES;
				CLANG_WARN_DIRECT_OBJC_ISA_USAGE = YES_ERROR;
				CLANG_WARN_DOCUMENTATION_COMMENTS = YES;
				CLANG_WARN_EMPTY_BODY = YES;
				CLANG_WARN_ENUM_CONVERSION = YES;
				CLANG_WARN_INFINITE_RECURSION = YES;
				CLANG_WARN_INT_CONVERSION = YES;
				CLANG_WARN_NON_LITERAL_NULL_CONVERSION = YES;
				CLANG_WARN_OBJC_IMPLICIT_RETAIN_SELF = YES;
				CLANG_WARN_OBJC_LITERAL_CONVERSION = YES;
				CLANG_WARN_OBJC_ROOT_CLASS = YES_ERROR;
				CLANG_WARN_QUOTED_INCLUDE_IN_FRAMEWORK_HEADER = YES;
				CLANG_WARN_RANGE_LOOP_ANALYSIS = YES;
				CLANG_WARN_STRICT_PROTOTYPES = YES;
				CLANG_WARN_SUSPICIOUS_MOVE = YES;
				CLANG_WARN_UNGUARDED_AVAILABILITY = YES_AGGRESSIVE;
				CLANG_WARN_UNREACHABLE_CODE = YES;
				CLANG_WARN__DUPLICATE_METHOD_MATCH = YES;
				COPY_PHASE_STRIP = NO;
				DEBUG_INFORMATION_FORMAT = "dwarf-with-dsym";
				DEVELOPMENT_TEAM = CVQEUYD92N;
				ENABLE_NS_ASSERTIONS = NO;
				ENABLE_STRICT_OBJC_MSGSEND = YES;
				ENABLE_USER_SCRIPT_SANDBOXING = YES;
				GCC_C_LANGUAGE_STANDARD = gnu17;
				GCC_NO_COMMON_BLOCKS = YES;
				GCC_WARN_64_TO_32_BIT_CONVERSION = YES;
				GCC_WARN_ABOUT_RETURN_TYPE = YES_ERROR;
				GCC_WARN_UNDECLARED_SELECTOR = YES;
				GCC_WARN_UNINITIALIZED_AUTOS = YES_AGGRESSIVE;
				GCC_WARN_UNUSED_FUNCTION = YES;
				GCC_WARN_UNUSED_VARIABLE = YES;
				IPHONEOS_DEPLOYMENT_TARGET = 26.2;
				LOCALIZATION_PREFERS_STRING_CATALOGS = YES;
				MTL_ENABLE_DEBUG_INFO = NO;
				MTL_FAST_MATH = YES;
				SDKROOT = iphoneos;
				SWIFT_COMPILATION_MODE = wholemodule;
				VALIDATE_PRODUCT = YES;
			};
			name = Release;
		};
		21DE28312F08CCBA00266CF8 /* Debug */ = {
			isa = XCBuildConfiguration;
			buildSettings = {
				ASSETCATALOG_COMPILER_APPICON_NAME = AppIcon;
				ASSETCATALOG_COMPILER_GLOBAL_ACCENT_COLOR_NAME = AccentColor;
				CODE_SIGN_IDENTITY = "Apple Development";
				CODE_SIGN_STYLE = Automatic;
				CURRENT_PROJECT_VERSION = 1;
				DEVELOPMENT_TEAM = 93224DXRHZ;
				ENABLE_PREVIEWS = YES;
				GENERATE_INFOPLIST_FILE = YES;
				INFOPLIST_FILE = "mindset-ios/Info.plist";
				INFOPLIST_KEY_CFBundleDisplayName = "Mindset+";
				INFOPLIST_KEY_UIApplicationSceneManifest_Generation = YES;
				INFOPLIST_KEY_UIApplicationSupportsIndirectInputEvents = YES;
				INFOPLIST_KEY_UILaunchScreen_Generation = YES;
				INFOPLIST_KEY_UISupportedInterfaceOrientations_iPad = "UIInterfaceOrientationPortrait UIInterfaceOrientationPortraitUpsideDown UIInterfaceOrientationLandscapeLeft UIInterfaceOrientationLandscapeRight";
				INFOPLIST_KEY_UISupportedInterfaceOrientations_iPhone = "UIInterfaceOrientationPortrait UIInterfaceOrientationLandscapeLeft UIInterfaceOrientationLandscapeRight";
				LD_RUNPATH_SEARCH_PATHS = (
					"$(inherited)",
					"@executable_path/Frameworks",
				);
				MARKETING_VERSION = 1.0;
				PRODUCT_BUNDLE_IDENTIFIER = "com.patrickridd.mindset-ios";
				PRODUCT_NAME = "$(TARGET_NAME)";
				PROVISIONING_PROFILE_SPECIFIER = "";
				STRING_CATALOG_GENERATE_SYMBOLS = YES;
				SWIFT_APPROACHABLE_CONCURRENCY = YES;
				SWIFT_DEFAULT_ACTOR_ISOLATION = MainActor;
				SWIFT_EMIT_LOC_STRINGS = YES;
				SWIFT_UPCOMING_FEATURE_MEMBER_IMPORT_VISIBILITY = YES;
				SWIFT_VERSION = 5.0;
				TARGETED_DEVICE_FAMILY = "1,2";
			};
			name = Debug;
		};
		21DE28322F08CCBA00266CF8 /* Release */ = {
			isa = XCBuildConfiguration;
			baseConfigurationReference = 21CE7A0A2F1DE4E300178A6F /* Config.xcconfig */;
			buildSettings = {
				ASSETCATALOG_COMPILER_APPICON_NAME = AppIcon;
				ASSETCATALOG_COMPILER_GLOBAL_ACCENT_COLOR_NAME = AccentColor;
				CODE_SIGN_IDENTITY = "Apple Development";
				CODE_SIGN_STYLE = Automatic;
				CURRENT_PROJECT_VERSION = 1;
				DEVELOPMENT_TEAM = 93224DXRHZ;
				ENABLE_PREVIEWS = YES;
				GENERATE_INFOPLIST_FILE = YES;
				INFOPLIST_FILE = "mindset-ios/Info.plist";
				INFOPLIST_KEY_CFBundleDisplayName = "Mindset+";
				INFOPLIST_KEY_UIApplicationSceneManifest_Generation = YES;
				INFOPLIST_KEY_UIApplicationSupportsIndirectInputEvents = YES;
				INFOPLIST_KEY_UILaunchScreen_Generation = YES;
				INFOPLIST_KEY_UISupportedInterfaceOrientations_iPad = "UIInterfaceOrientationPortrait UIInterfaceOrientationPortraitUpsideDown UIInterfaceOrientationLandscapeLeft UIInterfaceOrientationLandscapeRight";
				INFOPLIST_KEY_UISupportedInterfaceOrientations_iPhone = "UIInterfaceOrientationPortrait UIInterfaceOrientationLandscapeLeft UIInterfaceOrientationLandscapeRight";
				LD_RUNPATH_SEARCH_PATHS = (
					"$(inherited)",
					"@executable_path/Frameworks",
				);
				MARKETING_VERSION = 1.0;
				PRODUCT_BUNDLE_IDENTIFIER = "com.patrickridd.mindset-ios";
				PRODUCT_NAME = "$(TARGET_NAME)";
				PROVISIONING_PROFILE_SPECIFIER = "";
				STRING_CATALOG_GENERATE_SYMBOLS = YES;
				SWIFT_APPROACHABLE_CONCURRENCY = YES;
				SWIFT_DEFAULT_ACTOR_ISOLATION = MainActor;
				SWIFT_EMIT_LOC_STRINGS = YES;
				SWIFT_UPCOMING_FEATURE_MEMBER_IMPORT_VISIBILITY = YES;
				SWIFT_VERSION = 5.0;
				TARGETED_DEVICE_FAMILY = "1,2";
			};
			name = Release;
		};
		21DE28342F08CCBA00266CF8 /* Debug */ = {
			isa = XCBuildConfiguration;
			buildSettings = {
				BUNDLE_LOADER = "$(TEST_HOST)";
				CODE_SIGN_STYLE = Automatic;
				CURRENT_PROJECT_VERSION = 1;
				DEVELOPMENT_TEAM = CVQEUYD92N;
				GENERATE_INFOPLIST_FILE = YES;
				IPHONEOS_DEPLOYMENT_TARGET = 26.2;
				MARKETING_VERSION = 1.0;
				PRODUCT_BUNDLE_IDENTIFIER = "com.patrickridd.mindset-iosTests";
				PRODUCT_NAME = "$(TARGET_NAME)";
				STRING_CATALOG_GENERATE_SYMBOLS = NO;
				SWIFT_APPROACHABLE_CONCURRENCY = YES;
				SWIFT_EMIT_LOC_STRINGS = NO;
				SWIFT_UPCOMING_FEATURE_MEMBER_IMPORT_VISIBILITY = YES;
				SWIFT_VERSION = 5.0;
				TARGETED_DEVICE_FAMILY = "1,2";
				TEST_HOST = "$(BUILT_PRODUCTS_DIR)/mindset-ios.app/$(BUNDLE_EXECUTABLE_FOLDER_PATH)/mindset-ios";
			};
			name = Debug;
		};
		21DE28352F08CCBA00266CF8 /* Release */ = {
			isa = XCBuildConfiguration;
			buildSettings = {
				BUNDLE_LOADER = "$(TEST_HOST)";
				CODE_SIGN_STYLE = Automatic;
				CURRENT_PROJECT_VERSION = 1;
				DEVELOPMENT_TEAM = CVQEUYD92N;
				GENERATE_INFOPLIST_FILE = YES;
				IPHONEOS_DEPLOYMENT_TARGET = 26.2;
				MARKETING_VERSION = 1.0;
				PRODUCT_BUNDLE_IDENTIFIER = "com.patrickridd.mindset-iosTests";
				PRODUCT_NAME = "$(TARGET_NAME)";
				STRING_CATALOG_GENERATE_SYMBOLS = NO;
				SWIFT_APPROACHABLE_CONCURRENCY = YES;
				SWIFT_EMIT_LOC_STRINGS = NO;
				SWIFT_UPCOMING_FEATURE_MEMBER_IMPORT_VISIBILITY = YES;
				SWIFT_VERSION = 5.0;
				TARGETED_DEVICE_FAMILY = "1,2";
				TEST_HOST = "$(BUILT_PRODUCTS_DIR)/mindset-ios.app/$(BUNDLE_EXECUTABLE_FOLDER_PATH)/mindset-ios";
			};
			name = Release;
		};
		21DE28372F08CCBA00266CF8 /* Debug */ = {
			isa = XCBuildConfiguration;
			buildSettings = {
				CODE_SIGN_STYLE = Automatic;
				CURRENT_PROJECT_VERSION = 1;
				DEVELOPMENT_TEAM = CVQEUYD92N;
				GENERATE_INFOPLIST_FILE = YES;
				MARKETING_VERSION = 1.0;
				PRODUCT_BUNDLE_IDENTIFIER = "com.patrickridd.mindset-iosUITests";
				PRODUCT_NAME = "$(TARGET_NAME)";
				STRING_CATALOG_GENERATE_SYMBOLS = NO;
				SWIFT_APPROACHABLE_CONCURRENCY = YES;
				SWIFT_EMIT_LOC_STRINGS = NO;
				SWIFT_UPCOMING_FEATURE_MEMBER_IMPORT_VISIBILITY = YES;
				SWIFT_VERSION = 5.0;
				TARGETED_DEVICE_FAMILY = "1,2";
				TEST_TARGET_NAME = "mindset-ios";
			};
			name = Debug;
		};
		21DE28382F08CCBA00266CF8 /* Release */ = {
			isa = XCBuildConfiguration;
			buildSettings = {
				CODE_SIGN_STYLE = Automatic;
				CURRENT_PROJECT_VERSION = 1;
				DEVELOPMENT_TEAM = CVQEUYD92N;
				GENERATE_INFOPLIST_FILE = YES;
				MARKETING_VERSION = 1.0;
				PRODUCT_BUNDLE_IDENTIFIER = "com.patrickridd.mindset-iosUITests";
				PRODUCT_NAME = "$(TARGET_NAME)";
				STRING_CATALOG_GENERATE_SYMBOLS = NO;
				SWIFT_APPROACHABLE_CONCURRENCY = YES;
				SWIFT_EMIT_LOC_STRINGS = NO;
				SWIFT_UPCOMING_FEATURE_MEMBER_IMPORT_VISIBILITY = YES;
				SWIFT_VERSION = 5.0;
				TARGETED_DEVICE_FAMILY = "1,2";
				TEST_TARGET_NAME = "mindset-ios";
			};
			name = Release;
		};
/* End XCBuildConfiguration section */

/* Begin XCConfigurationList section */
		21DE28082F08CCB900266CF8 /* Build configuration list for PBXProject "mindset-ios" */ = {
			isa = XCConfigurationList;
			buildConfigurations = (
				21DE282E2F08CCBA00266CF8 /* Debug */,
				21DE282F2F08CCBA00266CF8 /* Release */,
			);
			defaultConfigurationIsVisible = 0;
			defaultConfigurationName = Release;
		};
		21DE28302F08CCBA00266CF8 /* Build configuration list for PBXNativeTarget "mindset-ios" */ = {
			isa = XCConfigurationList;
			buildConfigurations = (
				21DE28312F08CCBA00266CF8 /* Debug */,
				21DE28322F08CCBA00266CF8 /* Release */,
			);
			defaultConfigurationIsVisible = 0;
			defaultConfigurationName = Release;
		};
		21DE28332F08CCBA00266CF8 /* Build configuration list for PBXNativeTarget "mindset-iosTests" */ = {
			isa = XCConfigurationList;
			buildConfigurations = (
				21DE28342F08CCBA00266CF8 /* Debug */,
				21DE28352F08CCBA00266CF8 /* Release */,
			);
			defaultConfigurationIsVisible = 0;
			defaultConfigurationName = Release;
		};
		21DE28362F08CCBA00266CF8 /* Build configuration list for PBXNativeTarget "mindset-iosUITests" */ = {
			isa = XCConfigurationList;
			buildConfigurations = (
				21DE28372F08CCBA00266CF8 /* Debug */,
				21DE28382F08CCBA00266CF8 /* Release */,
			);
			defaultConfigurationIsVisible = 0;
			defaultConfigurationName = Release;
		};
/* End XCConfigurationList section */

/* Begin XCLocalSwiftPackageReference section */
		213EB3662F0F611700721D70 /* XCLocalSwiftPackageReference "Packages/FeatureNavigation" */ = {
			isa = XCLocalSwiftPackageReference;
			relativePath = Packages/FeatureNavigation;
		};
		2187FBA42F0A1E4C00C028A9 /* XCLocalSwiftPackageReference "Packages/Domain" */ = {
			isa = XCLocalSwiftPackageReference;
			relativePath = Packages/Domain;
		};
		2187FBA72F0A1E6500C028A9 /* XCLocalSwiftPackageReference "Packages/Data" */ = {
			isa = XCLocalSwiftPackageReference;
			relativePath = Packages/Data;
		};
		21996CD12F0F678700438DBD /* XCLocalSwiftPackageReference "Packages/FeatureDashboard" */ = {
			isa = XCLocalSwiftPackageReference;
			relativePath = Packages/FeatureDashboard;
		};
		21A0941C2F0F436F0049D9F4 /* XCLocalSwiftPackageReference "Packages/FeatureSubscription" */ = {
			isa = XCLocalSwiftPackageReference;
			relativePath = Packages/FeatureSubscription;
		};
		21B9DED12F0F5BDF000FA365 /* XCLocalSwiftPackageReference "Packages/FeatureOnboarding" */ = {
			isa = XCLocalSwiftPackageReference;
			relativePath = Packages/FeatureOnboarding;
		};
		21BA432B2F0DEDD70013B0C9 /* XCLocalSwiftPackageReference "Packages/FeatureMindset" */ = {
			isa = XCLocalSwiftPackageReference;
			relativePath = Packages/FeatureMindset;
		};
		21CE7A0C2F1DEEFF00178A6F /* XCLocalSwiftPackageReference "Packages/FeatureHistory" */ = {
			isa = XCLocalSwiftPackageReference;
			relativePath = Packages/FeatureHistory;
		};
		21F0B9E42F188648008710CE /* XCLocalSwiftPackageReference "Packages/Core" */ = {
			isa = XCLocalSwiftPackageReference;
			relativePath = Packages/Core;
		};
/* End XCLocalSwiftPackageReference section */

/* Begin XCRemoteSwiftPackageReference section */
		21CE7A072F1DDE8500178A6F /* XCRemoteSwiftPackageReference "generative-ai-swift" */ = {
			isa = XCRemoteSwiftPackageReference;
			repositoryURL = "https://github.com/google/generative-ai-swift";
			requirement = {
				kind = upToNextMajorVersion;
				minimumVersion = 0.5.6;
			};
		};
/* End XCRemoteSwiftPackageReference section */

/* Begin XCSwiftPackageProductDependency section */
		213EB3642F0F5C0B00721D70 /* FeatureOnboarding */ = {
			isa = XCSwiftPackageProductDependency;
			package = 21B9DED12F0F5BDF000FA365 /* XCLocalSwiftPackageReference "Packages/FeatureOnboarding" */;
			productName = FeatureOnboarding;
		};
		2187FBA52F0A1E5400C028A9 /* Domain */ = {
			isa = XCSwiftPackageProductDependency;
			package = 2187FBA42F0A1E4C00C028A9 /* XCLocalSwiftPackageReference "Packages/Domain" */;
			productName = Domain;
		};
		2187FBA82F0A1E6D00C028A9 /* Data */ = {
			isa = XCSwiftPackageProductDependency;
			package = 2187FBA72F0A1E6500C028A9 /* XCLocalSwiftPackageReference "Packages/Data" */;
			productName = Data;
		};
		21996CCF2F0F612F00438DBD /* FeatureNavigation */ = {
			isa = XCSwiftPackageProductDependency;
			package = 213EB3662F0F611700721D70 /* XCLocalSwiftPackageReference "Packages/FeatureNavigation" */;
			productName = FeatureNavigation;
		};
		21AAACCC2F1DEF3600BFF7D4 /* FeatureHistory */ = {
			isa = XCSwiftPackageProductDependency;
			package = 21CE7A0C2F1DEEFF00178A6F /* XCLocalSwiftPackageReference "Packages/FeatureHistory" */;
			productName = FeatureHistory;
		};
		21B9DED22F0F5BE6000FA365 /* FeatureSubscription */ = {
			isa = XCSwiftPackageProductDependency;
			package = 21A0941C2F0F436F0049D9F4 /* XCLocalSwiftPackageReference "Packages/FeatureSubscription" */;
			productName = FeatureSubscription;
		};
		21BA432C2F0DEDEF0013B0C9 /* FeatureMindset */ = {
			isa = XCSwiftPackageProductDependency;
			package = 21BA432B2F0DEDD70013B0C9 /* XCLocalSwiftPackageReference "Packages/FeatureMindset" */;
			productName = FeatureMindset;
		};
		21CE7A052F18866F00178A6F /* Core */ = {
			isa = XCSwiftPackageProductDependency;
			package = 21F0B9E42F188648008710CE /* XCLocalSwiftPackageReference "Packages/Core" */;
			productName = Core;
		};
		21F0B9DF2F0F67B1008710CE /* FeatureDashboard */ = {
			isa = XCSwiftPackageProductDependency;
			package = 21996CD12F0F678700438DBD /* XCLocalSwiftPackageReference "Packages/FeatureDashboard" */;
			productName = FeatureDashboard;
		};
/* End XCSwiftPackageProductDependency section */
	};
	rootObject = 21DE28052F08CCB900266CF8 /* Project object */;
}
